
Microsoft Visual Studio Solution File, Format Version 12.00
# Visual Studio Version 16
VisualStudioVersion = 16.0.31729.503
MinimumVisualStudioVersion = 10.0.40219.1
Project("{FAE04EC0-301F-11D3-BF4B-00C04F79EFBC}") = "Splash-Screnn", "Splash-Screnn\Splash-Screnn.csproj", "{677028FB-3BA5-485E-A3C5-16C822F12B68}"
EndProject
Global
	GlobalSection(SolutionConfigurationPlatforms) = preSolution
		Debug|Any CPU = Debug|Any CPU
		Release|Any CPU = Release|Any CPU
	EndGlobalSection
	GlobalSection(ProjectConfigurationPlatforms) = postSolution
		{677028FB-3BA5-485E-A3C5-16C822F12B68}.Debug|Any CPU.ActiveCfg = Debug|Any CPU
		{677028FB-3BA5-485E-A3C5-16C822F12B68}.Debug|Any CPU.Build.0 = Debug|Any CPU
		{677028FB-3BA5-485E-A3C5-16C822F12B68}.Release|Any CPU.ActiveCfg = Release|Any CPU
		{677028FB-3BA5-485E-A3C5-16C822F12B68}.Release|Any CPU.Build.0 = Release|Any CPU
	EndGlobalSection
	GlobalSection(SolutionProperties) = preSolution
		HideSolutionNode = FALSE
	EndGlobalSection
	GlobalSection(ExtensibilityGlobals) = postSolution
		SolutionGuid = {A29D5AF8-0FFC-41C4-958F-CAAEF3349C7C}
	EndGlobalSection
EndGlobal
